
Microsoft Visual Studio Solution File, Format Version 12.00
# Visual Studio Version 16
VisualStudioVersion = 16.0.33027.164
MinimumVisualStudioVersion = 10.0.40219.1
Project("{FAE04EC0-301F-11D3-BF4B-00C04F79EFBC}") = "App1_Mimica.Android", "App1_Mimica\App1_Mimica.Android\App1_Mimica.Android.csproj", "{06BDC253-2A6A-4185-8AE2-7506076A41E2}"
EndProject
Project("{FAE04EC0-301F-11D3-BF4B-00C04F79EFBC}") = "App1_Mimica", "App1_Mimica\App1_Mimica\App1_Mimica.csproj", "{A7B65B4A-1047-47BF-A976-03E9286494D5}"
EndProject
Global
	GlobalSection(SolutionConfigurationPlatforms) = preSolution
		Debug|Any CPU = Debug|Any CPU
		Release|Any CPU = Release|Any CPU
	EndGlobalSection
	GlobalSection(ProjectConfigurationPlatforms) = postSolution
		{06BDC253-2A6A-4185-8AE2-7506076A41E2}.Debug|Any CPU.ActiveCfg = Debug|Any CPU
		{06BDC253-2A6A-4185-8AE2-7506076A41E2}.Debug|Any CPU.Build.0 = Debug|Any CPU
		{06BDC253-2A6A-4185-8AE2-7506076A41E2}.Debug|Any CPU.Deploy.0 = Debug|Any CPU
		{06BDC253-2A6A-4185-8AE2-7506076A41E2}.Release|Any CPU.ActiveCfg = Release|Any CPU
		{06BDC253-2A6A-4185-8AE2-7506076A41E2}.Release|Any CPU.Build.0 = Release|Any CPU
		{06BDC253-2A6A-4185-8AE2-7506076A41E2}.Release|Any CPU.Deploy.0 = Release|Any CPU
		{A7B65B4A-1047-47BF-A976-03E9286494D5}.Debug|Any CPU.ActiveCfg = Debug|Any CPU
		{A7B65B4A-1047-47BF-A976-03E9286494D5}.Debug|Any CPU.Build.0 = Debug|Any CPU
		{A7B65B4A-1047-47BF-A976-03E9286494D5}.Debug|Any CPU.Deploy.0 = Debug|Any CPU
		{A7B65B4A-1047-47BF-A976-03E9286494D5}.Release|Any CPU.ActiveCfg = Release|Any CPU
		{A7B65B4A-1047-47BF-A976-03E9286494D5}.Release|Any CPU.Build.0 = Release|Any CPU
		{A7B65B4A-1047-47BF-A976-03E9286494D5}.Release|Any CPU.Deploy.0 = Release|Any CPU
	EndGlobalSection
	GlobalSection(SolutionProperties) = preSolution
		HideSolutionNode = FALSE
	EndGlobalSection
	GlobalSection(ExtensibilityGlobals) = postSolution
		SolutionGuid = {13021585-9B9F-4544-987F-A20966763EB5}
	EndGlobalSection
EndGlobal
