
Microsoft Visual Studio Solution File, Format Version 12.00
# Visual Studio Version 16
VisualStudioVersion = 16.0.32802.440
MinimumVisualStudioVersion = 10.0.40219.1
Project("{FAE04EC0-301F-11D3-BF4B-00C04F79EFBC}") = "App1_ConsultarCep.Android", "App1_ConsultarCep\App1_ConsultarCep.Android\App1_ConsultarCep.Android.csproj", "{099E3430-D5A7-46D1-82EB-671D3520DCD4}"
EndProject
Project("{FAE04EC0-301F-11D3-BF4B-00C04F79EFBC}") = "App1_ConsultarCep", "App1_ConsultarCep\App1_ConsultarCep\App1_ConsultarCep.csproj", "{688FEB8C-E485-4AB5-8340-1F3FFBEFA377}"
EndProject
Global
	GlobalSection(SolutionConfigurationPlatforms) = preSolution
		Debug|Any CPU = Debug|Any CPU
		Release|Any CPU = Release|Any CPU
	EndGlobalSection
	GlobalSection(ProjectConfigurationPlatforms) = postSolution
		{099E3430-D5A7-46D1-82EB-671D3520DCD4}.Debug|Any CPU.ActiveCfg = Debug|Any CPU
		{099E3430-D5A7-46D1-82EB-671D3520DCD4}.Debug|Any CPU.Build.0 = Debug|Any CPU
		{099E3430-D5A7-46D1-82EB-671D3520DCD4}.Debug|Any CPU.Deploy.0 = Debug|Any CPU
		{099E3430-D5A7-46D1-82EB-671D3520DCD4}.Release|Any CPU.ActiveCfg = Release|Any CPU
		{099E3430-D5A7-46D1-82EB-671D3520DCD4}.Release|Any CPU.Build.0 = Release|Any CPU
		{099E3430-D5A7-46D1-82EB-671D3520DCD4}.Release|Any CPU.Deploy.0 = Release|Any CPU
		{688FEB8C-E485-4AB5-8340-1F3FFBEFA377}.Debug|Any CPU.ActiveCfg = Debug|Any CPU
		{688FEB8C-E485-4AB5-8340-1F3FFBEFA377}.Debug|Any CPU.Build.0 = Debug|Any CPU
		{688FEB8C-E485-4AB5-8340-1F3FFBEFA377}.Debug|Any CPU.Deploy.0 = Debug|Any CPU
		{688FEB8C-E485-4AB5-8340-1F3FFBEFA377}.Release|Any CPU.ActiveCfg = Release|Any CPU
		{688FEB8C-E485-4AB5-8340-1F3FFBEFA377}.Release|Any CPU.Build.0 = Release|Any CPU
		{688FEB8C-E485-4AB5-8340-1F3FFBEFA377}.Release|Any CPU.Deploy.0 = Release|Any CPU
	EndGlobalSection
	GlobalSection(SolutionProperties) = preSolution
		HideSolutionNode = FALSE
	EndGlobalSection
	GlobalSection(ExtensibilityGlobals) = postSolution
		SolutionGuid = {FD011C9F-DBBB-44CB-BAC0-FC7AFFE864EA}
	EndGlobalSection
EndGlobal
