
Microsoft Visual Studio Solution File, Format Version 12.00
# Visual Studio Version 16
VisualStudioVersion = 16.0.33920.266
MinimumVisualStudioVersion = 10.0.40219.1
Project("{FAE04EC0-301F-11D3-BF4B-00C04F79EFBC}") = "App1_NossoChat.UWP", "App1_NossoChat\App1_NossoChat.UWP\App1_NossoChat.UWP.csproj", "{0A04306D-C8C2-4834-9024-C71A98DC4871}"
EndProject
Project("{FAE04EC0-301F-11D3-BF4B-00C04F79EFBC}") = "App1_NossoChat.Android", "App1_NossoChat\App1_NossoChat.Android\App1_NossoChat.Android.csproj", "{604A7C70-AC65-4C9A-8D11-0565E3CFC32B}"
EndProject
Project("{FAE04EC0-301F-11D3-BF4B-00C04F79EFBC}") = "App1_NossoChat.iOS", "App1_NossoChat\App1_NossoChat.iOS\App1_NossoChat.iOS.csproj", "{90822990-A7EC-41A0-ABDD-714C50C60C9A}"
EndProject
Project("{FAE04EC0-301F-11D3-BF4B-00C04F79EFBC}") = "App1_NossoChat", "App1_NossoChat\App1_NossoChat\App1_NossoChat.csproj", "{1C369925-8F06-48EE-9B3E-14F1C99BB6A4}"
EndProject
Global
	GlobalSection(SolutionConfigurationPlatforms) = preSolution
		Debug|Any CPU = Debug|Any CPU
		Debug|ARM = Debug|ARM
		Debug|iPhone = Debug|iPhone
		Debug|iPhoneSimulator = Debug|iPhoneSimulator
		Debug|x64 = Debug|x64
		Debug|x86 = Debug|x86
		Release|Any CPU = Release|Any CPU
		Release|ARM = Release|ARM
		Release|iPhone = Release|iPhone
		Release|iPhoneSimulator = Release|iPhoneSimulator
		Release|x64 = Release|x64
		Release|x86 = Release|x86
	EndGlobalSection
	GlobalSection(ProjectConfigurationPlatforms) = postSolution
		{0A04306D-C8C2-4834-9024-C71A98DC4871}.Debug|Any CPU.ActiveCfg = Debug|x86
		{0A04306D-C8C2-4834-9024-C71A98DC4871}.Debug|Any CPU.Build.0 = Debug|x86
		{0A04306D-C8C2-4834-9024-C71A98DC4871}.Debug|Any CPU.Deploy.0 = Debug|x86
		{0A04306D-C8C2-4834-9024-C71A98DC4871}.Debug|ARM.ActiveCfg = Debug|ARM
		{0A04306D-C8C2-4834-9024-C71A98DC4871}.Debug|ARM.Build.0 = Debug|ARM
		{0A04306D-C8C2-4834-9024-C71A98DC4871}.Debug|ARM.Deploy.0 = Debug|ARM
		{0A04306D-C8C2-4834-9024-C71A98DC4871}.Debug|iPhone.ActiveCfg = Debug|x86
		{0A04306D-C8C2-4834-9024-C71A98DC4871}.Debug|iPhone.Build.0 = Debug|x86
		{0A04306D-C8C2-4834-9024-C71A98DC4871}.Debug|iPhone.Deploy.0 = Debug|x86
		{0A04306D-C8C2-4834-9024-C71A98DC4871}.Debug|iPhoneSimulator.ActiveCfg = Debug|x86
		{0A04306D-C8C2-4834-9024-C71A98DC4871}.Debug|iPhoneSimulator.Build.0 = Debug|x86
		{0A04306D-C8C2-4834-9024-C71A98DC4871}.Debug|iPhoneSimulator.Deploy.0 = Debug|x86
		{0A04306D-C8C2-4834-9024-C71A98DC4871}.Debug|x64.ActiveCfg = Debug|x64
		{0A04306D-C8C2-4834-9024-C71A98DC4871}.Debug|x64.Build.0 = Debug|x64
		{0A04306D-C8C2-4834-9024-C71A98DC4871}.Debug|x64.Deploy.0 = Debug|x64
		{0A04306D-C8C2-4834-9024-C71A98DC4871}.Debug|x86.ActiveCfg = Debug|x86
		{0A04306D-C8C2-4834-9024-C71A98DC4871}.Debug|x86.Build.0 = Debug|x86
		{0A04306D-C8C2-4834-9024-C71A98DC4871}.Debug|x86.Deploy.0 = Debug|x86
		{0A04306D-C8C2-4834-9024-C71A98DC4871}.Release|Any CPU.ActiveCfg = Release|x86
		{0A04306D-C8C2-4834-9024-C71A98DC4871}.Release|Any CPU.Build.0 = Release|x86
		{0A04306D-C8C2-4834-9024-C71A98DC4871}.Release|Any CPU.Deploy.0 = Release|x86
		{0A04306D-C8C2-4834-9024-C71A98DC4871}.Release|ARM.ActiveCfg = Release|ARM
		{0A04306D-C8C2-4834-9024-C71A98DC4871}.Release|ARM.Build.0 = Release|ARM
		{0A04306D-C8C2-4834-9024-C71A98DC4871}.Release|ARM.Deploy.0 = Release|ARM
		{0A04306D-C8C2-4834-9024-C71A98DC4871}.Release|iPhone.ActiveCfg = Release|x86
		{0A04306D-C8C2-4834-9024-C71A98DC4871}.Release|iPhone.Build.0 = Release|x86
		{0A04306D-C8C2-4834-9024-C71A98DC4871}.Release|iPhone.Deploy.0 = Release|x86
		{0A04306D-C8C2-4834-9024-C71A98DC4871}.Release|iPhoneSimulator.ActiveCfg = Release|x86
		{0A04306D-C8C2-4834-9024-C71A98DC4871}.Release|iPhoneSimulator.Build.0 = Release|x86
		{0A04306D-C8C2-4834-9024-C71A98DC4871}.Release|iPhoneSimulator.Deploy.0 = Release|x86
		{0A04306D-C8C2-4834-9024-C71A98DC4871}.Release|x64.ActiveCfg = Release|x64
		{0A04306D-C8C2-4834-9024-C71A98DC4871}.Release|x64.Build.0 = Release|x64
		{0A04306D-C8C2-4834-9024-C71A98DC4871}.Release|x64.Deploy.0 = Release|x64
		{0A04306D-C8C2-4834-9024-C71A98DC4871}.Release|x86.ActiveCfg = Release|x86
		{0A04306D-C8C2-4834-9024-C71A98DC4871}.Release|x86.Build.0 = Release|x86
		{0A04306D-C8C2-4834-9024-C71A98DC4871}.Release|x86.Deploy.0 = Release|x86
		{604A7C70-AC65-4C9A-8D11-0565E3CFC32B}.Debug|Any CPU.ActiveCfg = Debug|Any CPU
		{604A7C70-AC65-4C9A-8D11-0565E3CFC32B}.Debug|Any CPU.Build.0 = Debug|Any CPU
		{604A7C70-AC65-4C9A-8D11-0565E3CFC32B}.Debug|Any CPU.Deploy.0 = Debug|Any CPU
		{604A7C70-AC65-4C9A-8D11-0565E3CFC32B}.Debug|ARM.ActiveCfg = Debug|Any CPU
		{604A7C70-AC65-4C9A-8D11-0565E3CFC32B}.Debug|ARM.Build.0 = Debug|Any CPU
		{604A7C70-AC65-4C9A-8D11-0565E3CFC32B}.Debug|ARM.Deploy.0 = Debug|Any CPU
		{604A7C70-AC65-4C9A-8D11-0565E3CFC32B}.Debug|iPhone.ActiveCfg = Debug|Any CPU
		{604A7C70-AC65-4C9A-8D11-0565E3CFC32B}.Debug|iPhone.Build.0 = Debug|Any CPU
		{604A7C70-AC65-4C9A-8D11-0565E3CFC32B}.Debug|iPhone.Deploy.0 = Debug|Any CPU
		{604A7C70-AC65-4C9A-8D11-0565E3CFC32B}.Debug|iPhoneSimulator.ActiveCfg = Debug|Any CPU
		{604A7C70-AC65-4C9A-8D11-0565E3CFC32B}.Debug|iPhoneSimulator.Build.0 = Debug|Any CPU
		{604A7C70-AC65-4C9A-8D11-0565E3CFC32B}.Debug|iPhoneSimulator.Deploy.0 = Debug|Any CPU
		{604A7C70-AC65-4C9A-8D11-0565E3CFC32B}.Debug|x64.ActiveCfg = Debug|Any CPU
		{604A7C70-AC65-4C9A-8D11-0565E3CFC32B}.Debug|x64.Build.0 = Debug|Any CPU
		{604A7C70-AC65-4C9A-8D11-0565E3CFC32B}.Debug|x64.Deploy.0 = Debug|Any CPU
		{604A7C70-AC65-4C9A-8D11-0565E3CFC32B}.Debug|x86.ActiveCfg = Debug|Any CPU
		{604A7C70-AC65-4C9A-8D11-0565E3CFC32B}.Debug|x86.Build.0 = Debug|Any CPU
		{604A7C70-AC65-4C9A-8D11-0565E3CFC32B}.Debug|x86.Deploy.0 = Debug|Any CPU
		{604A7C70-AC65-4C9A-8D11-0565E3CFC32B}.Release|Any CPU.ActiveCfg = Release|Any CPU
		{604A7C70-AC65-4C9A-8D11-0565E3CFC32B}.Release|Any CPU.Build.0 = Release|Any CPU
		{604A7C70-AC65-4C9A-8D11-0565E3CFC32B}.Release|Any CPU.Deploy.0 = Release|Any CPU
		{604A7C70-AC65-4C9A-8D11-0565E3CFC32B}.Release|ARM.ActiveCfg = Release|Any CPU
		{604A7C70-AC65-4C9A-8D11-0565E3CFC32B}.Release|ARM.Build.0 = Release|Any CPU
		{604A7C70-AC65-4C9A-8D11-0565E3CFC32B}.Release|ARM.Deploy.0 = Release|Any CPU
		{604A7C70-AC65-4C9A-8D11-0565E3CFC32B}.Release|iPhone.ActiveCfg = Release|Any CPU
		{604A7C70-AC65-4C9A-8D11-0565E3CFC32B}.Release|iPhone.Build.0 = Release|Any CPU
		{604A7C70-AC65-4C9A-8D11-0565E3CFC32B}.Release|iPhone.Deploy.0 = Release|Any CPU
		{604A7C70-AC65-4C9A-8D11-0565E3CFC32B}.Release|iPhoneSimulator.ActiveCfg = Release|Any CPU
		{604A7C70-AC65-4C9A-8D11-0565E3CFC32B}.Release|iPhoneSimulator.Build.0 = Release|Any CPU
		{604A7C70-AC65-4C9A-8D11-0565E3CFC32B}.Release|iPhoneSimulator.Deploy.0 = Release|Any CPU
		{604A7C70-AC65-4C9A-8D11-0565E3CFC32B}.Release|x64.ActiveCfg = Release|Any CPU
		{604A7C70-AC65-4C9A-8D11-0565E3CFC32B}.Release|x64.Build.0 = Release|Any CPU
		{604A7C70-AC65-4C9A-8D11-0565E3CFC32B}.Release|x64.Deploy.0 = Release|Any CPU
		{604A7C70-AC65-4C9A-8D11-0565E3CFC32B}.Release|x86.ActiveCfg = Release|Any CPU
		{604A7C70-AC65-4C9A-8D11-0565E3CFC32B}.Release|x86.Build.0 = Release|Any CPU
		{604A7C70-AC65-4C9A-8D11-0565E3CFC32B}.Release|x86.Deploy.0 = Release|Any CPU
		{90822990-A7EC-41A0-ABDD-714C50C60C9A}.Debug|Any CPU.ActiveCfg = Debug|iPhoneSimulator
		{90822990-A7EC-41A0-ABDD-714C50C60C9A}.Debug|Any CPU.Build.0 = Debug|iPhoneSimulator
		{90822990-A7EC-41A0-ABDD-714C50C60C9A}.Debug|Any CPU.Deploy.0 = Debug|iPhoneSimulator
		{90822990-A7EC-41A0-ABDD-714C50C60C9A}.Debug|ARM.ActiveCfg = Debug|iPhone
		{90822990-A7EC-41A0-ABDD-714C50C60C9A}.Debug|ARM.Build.0 = Debug|iPhone
		{90822990-A7EC-41A0-ABDD-714C50C60C9A}.Debug|ARM.Deploy.0 = Debug|iPhone
		{90822990-A7EC-41A0-ABDD-714C50C60C9A}.Debug|iPhone.ActiveCfg = Debug|iPhone
		{90822990-A7EC-41A0-ABDD-714C50C60C9A}.Debug|iPhone.Build.0 = Debug|iPhone
		{90822990-A7EC-41A0-ABDD-714C50C60C9A}.Debug|iPhone.Deploy.0 = Debug|iPhone
		{90822990-A7EC-41A0-ABDD-714C50C60C9A}.Debug|iPhoneSimulator.ActiveCfg = Debug|iPhoneSimulator
		{90822990-A7EC-41A0-ABDD-714C50C60C9A}.Debug|iPhoneSimulator.Build.0 = Debug|iPhoneSimulator
		{90822990-A7EC-41A0-ABDD-714C50C60C9A}.Debug|iPhoneSimulator.Deploy.0 = Debug|iPhoneSimulator
		{90822990-A7EC-41A0-ABDD-714C50C60C9A}.Debug|x64.ActiveCfg = Debug|iPhoneSimulator
		{90822990-A7EC-41A0-ABDD-714C50C60C9A}.Debug|x64.Build.0 = Debug|iPhoneSimulator
		{90822990-A7EC-41A0-ABDD-714C50C60C9A}.Debug|x64.Deploy.0 = Debug|iPhoneSimulator
		{90822990-A7EC-41A0-ABDD-714C50C60C9A}.Debug|x86.ActiveCfg = Debug|iPhoneSimulator
		{90822990-A7EC-41A0-ABDD-714C50C60C9A}.Debug|x86.Build.0 = Debug|iPhoneSimulator
		{90822990-A7EC-41A0-ABDD-714C50C60C9A}.Debug|x86.Deploy.0 = Debug|iPhoneSimulator
		{90822990-A7EC-41A0-ABDD-714C50C60C9A}.Release|Any CPU.ActiveCfg = Release|iPhoneSimulator
		{90822990-A7EC-41A0-ABDD-714C50C60C9A}.Release|Any CPU.Build.0 = Release|iPhoneSimulator
		{90822990-A7EC-41A0-ABDD-714C50C60C9A}.Release|Any CPU.Deploy.0 = Release|iPhoneSimulator
		{90822990-A7EC-41A0-ABDD-714C50C60C9A}.Release|ARM.ActiveCfg = Release|iPhoneSimulator
		{90822990-A7EC-41A0-ABDD-714C50C60C9A}.Release|ARM.Build.0 = Release|iPhoneSimulator
		{90822990-A7EC-41A0-ABDD-714C50C60C9A}.Release|ARM.Deploy.0 = Release|iPhoneSimulator
		{90822990-A7EC-41A0-ABDD-714C50C60C9A}.Release|iPhone.ActiveCfg = Release|iPhone
		{90822990-A7EC-41A0-ABDD-714C50C60C9A}.Release|iPhone.Build.0 = Release|iPhone
		{90822990-A7EC-41A0-ABDD-714C50C60C9A}.Release|iPhone.Deploy.0 = Release|iPhone
		{90822990-A7EC-41A0-ABDD-714C50C60C9A}.Release|iPhoneSimulator.ActiveCfg = Release|iPhoneSimulator
		{90822990-A7EC-41A0-ABDD-714C50C60C9A}.Release|iPhoneSimulator.Build.0 = Release|iPhoneSimulator
		{90822990-A7EC-41A0-ABDD-714C50C60C9A}.Release|iPhoneSimulator.Deploy.0 = Release|iPhoneSimulator
		{90822990-A7EC-41A0-ABDD-714C50C60C9A}.Release|x64.ActiveCfg = Release|iPhoneSimulator
		{90822990-A7EC-41A0-ABDD-714C50C60C9A}.Release|x64.Build.0 = Release|iPhoneSimulator
		{90822990-A7EC-41A0-ABDD-714C50C60C9A}.Release|x64.Deploy.0 = Release|iPhoneSimulator
		{90822990-A7EC-41A0-ABDD-714C50C60C9A}.Release|x86.ActiveCfg = Release|iPhoneSimulator
		{90822990-A7EC-41A0-ABDD-714C50C60C9A}.Release|x86.Build.0 = Release|iPhoneSimulator
		{90822990-A7EC-41A0-ABDD-714C50C60C9A}.Release|x86.Deploy.0 = Release|iPhoneSimulator
		{1C369925-8F06-48EE-9B3E-14F1C99BB6A4}.Debug|Any CPU.ActiveCfg = Debug|Any CPU
		{1C369925-8F06-48EE-9B3E-14F1C99BB6A4}.Debug|Any CPU.Build.0 = Debug|Any CPU
		{1C369925-8F06-48EE-9B3E-14F1C99BB6A4}.Debug|Any CPU.Deploy.0 = Debug|Any CPU
		{1C369925-8F06-48EE-9B3E-14F1C99BB6A4}.Debug|ARM.ActiveCfg = Debug|Any CPU
		{1C369925-8F06-48EE-9B3E-14F1C99BB6A4}.Debug|ARM.Build.0 = Debug|Any CPU
		{1C369925-8F06-48EE-9B3E-14F1C99BB6A4}.Debug|ARM.Deploy.0 = Debug|Any CPU
		{1C369925-8F06-48EE-9B3E-14F1C99BB6A4}.Debug|iPhone.ActiveCfg = Debug|Any CPU
		{1C369925-8F06-48EE-9B3E-14F1C99BB6A4}.Debug|iPhone.Build.0 = Debug|Any CPU
		{1C369925-8F06-48EE-9B3E-14F1C99BB6A4}.Debug|iPhone.Deploy.0 = Debug|Any CPU
		{1C369925-8F06-48EE-9B3E-14F1C99BB6A4}.Debug|iPhoneSimulator.ActiveCfg = Debug|Any CPU
		{1C369925-8F06-48EE-9B3E-14F1C99BB6A4}.Debug|iPhoneSimulator.Build.0 = Debug|Any CPU
		{1C369925-8F06-48EE-9B3E-14F1C99BB6A4}.Debug|iPhoneSimulator.Deploy.0 = Debug|Any CPU
		{1C369925-8F06-48EE-9B3E-14F1C99BB6A4}.Debug|x64.ActiveCfg = Debug|Any CPU
		{1C369925-8F06-48EE-9B3E-14F1C99BB6A4}.Debug|x64.Build.0 = Debug|Any CPU
		{1C369925-8F06-48EE-9B3E-14F1C99BB6A4}.Debug|x64.Deploy.0 = Debug|Any CPU
		{1C369925-8F06-48EE-9B3E-14F1C99BB6A4}.Debug|x86.ActiveCfg = Debug|Any CPU
		{1C369925-8F06-48EE-9B3E-14F1C99BB6A4}.Debug|x86.Build.0 = Debug|Any CPU
		{1C369925-8F06-48EE-9B3E-14F1C99BB6A4}.Debug|x86.Deploy.0 = Debug|Any CPU
		{1C369925-8F06-48EE-9B3E-14F1C99BB6A4}.Release|Any CPU.ActiveCfg = Release|Any CPU
		{1C369925-8F06-48EE-9B3E-14F1C99BB6A4}.Release|Any CPU.Build.0 = Release|Any CPU
		{1C369925-8F06-48EE-9B3E-14F1C99BB6A4}.Release|Any CPU.Deploy.0 = Release|Any CPU
		{1C369925-8F06-48EE-9B3E-14F1C99BB6A4}.Release|ARM.ActiveCfg = Release|Any CPU
		{1C369925-8F06-48EE-9B3E-14F1C99BB6A4}.Release|ARM.Build.0 = Release|Any CPU
		{1C369925-8F06-48EE-9B3E-14F1C99BB6A4}.Release|ARM.Deploy.0 = Release|Any CPU
		{1C369925-8F06-48EE-9B3E-14F1C99BB6A4}.Release|iPhone.ActiveCfg = Release|Any CPU
		{1C369925-8F06-48EE-9B3E-14F1C99BB6A4}.Release|iPhone.Build.0 = Release|Any CPU
		{1C369925-8F06-48EE-9B3E-14F1C99BB6A4}.Release|iPhone.Deploy.0 = Release|Any CPU
		{1C369925-8F06-48EE-9B3E-14F1C99BB6A4}.Release|iPhoneSimulator.ActiveCfg = Release|Any CPU
		{1C369925-8F06-48EE-9B3E-14F1C99BB6A4}.Release|iPhoneSimulator.Build.0 = Release|Any CPU
		{1C369925-8F06-48EE-9B3E-14F1C99BB6A4}.Release|iPhoneSimulator.Deploy.0 = Release|Any CPU
		{1C369925-8F06-48EE-9B3E-14F1C99BB6A4}.Release|x64.ActiveCfg = Release|Any CPU
		{1C369925-8F06-48EE-9B3E-14F1C99BB6A4}.Release|x64.Build.0 = Release|Any CPU
		{1C369925-8F06-48EE-9B3E-14F1C99BB6A4}.Release|x64.Deploy.0 = Release|Any CPU
		{1C369925-8F06-48EE-9B3E-14F1C99BB6A4}.Release|x86.ActiveCfg = Release|Any CPU
		{1C369925-8F06-48EE-9B3E-14F1C99BB6A4}.Release|x86.Build.0 = Release|Any CPU
		{1C369925-8F06-48EE-9B3E-14F1C99BB6A4}.Release|x86.Deploy.0 = Release|Any CPU
	EndGlobalSection
	GlobalSection(SolutionProperties) = preSolution
		HideSolutionNode = FALSE
	EndGlobalSection
	GlobalSection(ExtensibilityGlobals) = postSolution
		SolutionGuid = {6F02F12F-D930-4F20-8277-DF05149C8D1F}
	EndGlobalSection
EndGlobal
