
Microsoft Visual Studio Solution File, Format Version 12.00
# Visual Studio Version 16
VisualStudioVersion = 16.0.32802.440
MinimumVisualStudioVersion = 10.0.40219.1
Project("{FAE04EC0-301F-11D3-BF4B-00C04F79EFBC}") = "App02_Xamarin.Android", "App02_Xamarin\App02_Xamarin.Android\App02_Xamarin.Android.csproj", "{9130CEA2-C82B-4F90-AABF-96FF1D0F53E0}"
EndProject
Project("{FAE04EC0-301F-11D3-BF4B-00C04F79EFBC}") = "App02_Xamarin.iOS", "App02_Xamarin\App02_Xamarin.iOS\App02_Xamarin.iOS.csproj", "{B7A78831-1CC5-4D06-871C-AC248050B3E2}"
EndProject
Project("{FAE04EC0-301F-11D3-BF4B-00C04F79EFBC}") = "App02_Xamarin", "App02_Xamarin\App02_Xamarin\App02_Xamarin.csproj", "{6F324247-4AB9-4622-BCA9-AE5A33F4C2B3}"
EndProject
Global
	GlobalSection(SolutionConfigurationPlatforms) = preSolution
		Debug|Any CPU = Debug|Any CPU
		Debug|iPhone = Debug|iPhone
		Debug|iPhoneSimulator = Debug|iPhoneSimulator
		Release|Any CPU = Release|Any CPU
		Release|iPhone = Release|iPhone
		Release|iPhoneSimulator = Release|iPhoneSimulator
	EndGlobalSection
	GlobalSection(ProjectConfigurationPlatforms) = postSolution
		{9130CEA2-C82B-4F90-AABF-96FF1D0F53E0}.Debug|Any CPU.ActiveCfg = Debug|Any CPU
		{9130CEA2-C82B-4F90-AABF-96FF1D0F53E0}.Debug|Any CPU.Build.0 = Debug|Any CPU
		{9130CEA2-C82B-4F90-AABF-96FF1D0F53E0}.Debug|Any CPU.Deploy.0 = Debug|Any CPU
		{9130CEA2-C82B-4F90-AABF-96FF1D0F53E0}.Debug|iPhone.ActiveCfg = Debug|Any CPU
		{9130CEA2-C82B-4F90-AABF-96FF1D0F53E0}.Debug|iPhone.Build.0 = Debug|Any CPU
		{9130CEA2-C82B-4F90-AABF-96FF1D0F53E0}.Debug|iPhone.Deploy.0 = Debug|Any CPU
		{9130CEA2-C82B-4F90-AABF-96FF1D0F53E0}.Debug|iPhoneSimulator.ActiveCfg = Debug|Any CPU
		{9130CEA2-C82B-4F90-AABF-96FF1D0F53E0}.Debug|iPhoneSimulator.Build.0 = Debug|Any CPU
		{9130CEA2-C82B-4F90-AABF-96FF1D0F53E0}.Debug|iPhoneSimulator.Deploy.0 = Debug|Any CPU
		{9130CEA2-C82B-4F90-AABF-96FF1D0F53E0}.Release|Any CPU.ActiveCfg = Release|Any CPU
		{9130CEA2-C82B-4F90-AABF-96FF1D0F53E0}.Release|Any CPU.Build.0 = Release|Any CPU
		{9130CEA2-C82B-4F90-AABF-96FF1D0F53E0}.Release|Any CPU.Deploy.0 = Release|Any CPU
		{9130CEA2-C82B-4F90-AABF-96FF1D0F53E0}.Release|iPhone.ActiveCfg = Release|Any CPU
		{9130CEA2-C82B-4F90-AABF-96FF1D0F53E0}.Release|iPhone.Build.0 = Release|Any CPU
		{9130CEA2-C82B-4F90-AABF-96FF1D0F53E0}.Release|iPhone.Deploy.0 = Release|Any CPU
		{9130CEA2-C82B-4F90-AABF-96FF1D0F53E0}.Release|iPhoneSimulator.ActiveCfg = Release|Any CPU
		{9130CEA2-C82B-4F90-AABF-96FF1D0F53E0}.Release|iPhoneSimulator.Build.0 = Release|Any CPU
		{9130CEA2-C82B-4F90-AABF-96FF1D0F53E0}.Release|iPhoneSimulator.Deploy.0 = Release|Any CPU
		{B7A78831-1CC5-4D06-871C-AC248050B3E2}.Debug|Any CPU.ActiveCfg = Debug|iPhone
		{B7A78831-1CC5-4D06-871C-AC248050B3E2}.Debug|Any CPU.Build.0 = Debug|iPhone
		{B7A78831-1CC5-4D06-871C-AC248050B3E2}.Debug|Any CPU.Deploy.0 = Debug|iPhone
		{B7A78831-1CC5-4D06-871C-AC248050B3E2}.Debug|iPhone.ActiveCfg = Debug|iPhone
		{B7A78831-1CC5-4D06-871C-AC248050B3E2}.Debug|iPhone.Build.0 = Debug|iPhone
		{B7A78831-1CC5-4D06-871C-AC248050B3E2}.Debug|iPhone.Deploy.0 = Debug|iPhone
		{B7A78831-1CC5-4D06-871C-AC248050B3E2}.Debug|iPhoneSimulator.ActiveCfg = Debug|iPhoneSimulator
		{B7A78831-1CC5-4D06-871C-AC248050B3E2}.Debug|iPhoneSimulator.Build.0 = Debug|iPhoneSimulator
		{B7A78831-1CC5-4D06-871C-AC248050B3E2}.Debug|iPhoneSimulator.Deploy.0 = Debug|iPhoneSimulator
		{B7A78831-1CC5-4D06-871C-AC248050B3E2}.Release|Any CPU.ActiveCfg = Release|iPhoneSimulator
		{B7A78831-1CC5-4D06-871C-AC248050B3E2}.Release|Any CPU.Build.0 = Release|iPhoneSimulator
		{B7A78831-1CC5-4D06-871C-AC248050B3E2}.Release|Any CPU.Deploy.0 = Release|iPhoneSimulator
		{B7A78831-1CC5-4D06-871C-AC248050B3E2}.Release|iPhone.ActiveCfg = Release|iPhone
		{B7A78831-1CC5-4D06-871C-AC248050B3E2}.Release|iPhone.Build.0 = Release|iPhone
		{B7A78831-1CC5-4D06-871C-AC248050B3E2}.Release|iPhone.Deploy.0 = Release|iPhone
		{B7A78831-1CC5-4D06-871C-AC248050B3E2}.Release|iPhoneSimulator.ActiveCfg = Release|iPhoneSimulator
		{B7A78831-1CC5-4D06-871C-AC248050B3E2}.Release|iPhoneSimulator.Build.0 = Release|iPhoneSimulator
		{B7A78831-1CC5-4D06-871C-AC248050B3E2}.Release|iPhoneSimulator.Deploy.0 = Release|iPhoneSimulator
		{6F324247-4AB9-4622-BCA9-AE5A33F4C2B3}.Debug|Any CPU.ActiveCfg = Debug|Any CPU
		{6F324247-4AB9-4622-BCA9-AE5A33F4C2B3}.Debug|Any CPU.Build.0 = Debug|Any CPU
		{6F324247-4AB9-4622-BCA9-AE5A33F4C2B3}.Debug|Any CPU.Deploy.0 = Debug|Any CPU
		{6F324247-4AB9-4622-BCA9-AE5A33F4C2B3}.Debug|iPhone.ActiveCfg = Debug|Any CPU
		{6F324247-4AB9-4622-BCA9-AE5A33F4C2B3}.Debug|iPhone.Build.0 = Debug|Any CPU
		{6F324247-4AB9-4622-BCA9-AE5A33F4C2B3}.Debug|iPhone.Deploy.0 = Debug|Any CPU
		{6F324247-4AB9-4622-BCA9-AE5A33F4C2B3}.Debug|iPhoneSimulator.ActiveCfg = Debug|Any CPU
		{6F324247-4AB9-4622-BCA9-AE5A33F4C2B3}.Debug|iPhoneSimulator.Build.0 = Debug|Any CPU
		{6F324247-4AB9-4622-BCA9-AE5A33F4C2B3}.Debug|iPhoneSimulator.Deploy.0 = Debug|Any CPU
		{6F324247-4AB9-4622-BCA9-AE5A33F4C2B3}.Release|Any CPU.ActiveCfg = Release|Any CPU
		{6F324247-4AB9-4622-BCA9-AE5A33F4C2B3}.Release|Any CPU.Build.0 = Release|Any CPU
		{6F324247-4AB9-4622-BCA9-AE5A33F4C2B3}.Release|Any CPU.Deploy.0 = Release|Any CPU
		{6F324247-4AB9-4622-BCA9-AE5A33F4C2B3}.Release|iPhone.ActiveCfg = Release|Any CPU
		{6F324247-4AB9-4622-BCA9-AE5A33F4C2B3}.Release|iPhone.Build.0 = Release|Any CPU
		{6F324247-4AB9-4622-BCA9-AE5A33F4C2B3}.Release|iPhone.Deploy.0 = Release|Any CPU
		{6F324247-4AB9-4622-BCA9-AE5A33F4C2B3}.Release|iPhoneSimulator.ActiveCfg = Release|Any CPU
		{6F324247-4AB9-4622-BCA9-AE5A33F4C2B3}.Release|iPhoneSimulator.Build.0 = Release|Any CPU
		{6F324247-4AB9-4622-BCA9-AE5A33F4C2B3}.Release|iPhoneSimulator.Deploy.0 = Release|Any CPU
	EndGlobalSection
	GlobalSection(SolutionProperties) = preSolution
		HideSolutionNode = FALSE
	EndGlobalSection
	GlobalSection(ExtensibilityGlobals) = postSolution
		SolutionGuid = {3F155C32-4448-4E06-955F-F39DAD482A77}
	EndGlobalSection
EndGlobal
