
Microsoft Visual Studio Solution File, Format Version 12.00
# Visual Studio Version 16
VisualStudioVersion = 16.0.33920.266
MinimumVisualStudioVersion = 10.0.40219.1
Project("{FAE04EC0-301F-11D3-BF4B-00C04F79EFBC}") = "App2_SOAPClient.UWP", "App2_SOAPClient\App2_SOAPClient.UWP\App2_SOAPClient.UWP.csproj", "{F6AB459A-D0BE-4C66-8BB2-1298ECF4AFFD}"
EndProject
Project("{FAE04EC0-301F-11D3-BF4B-00C04F79EFBC}") = "App2_SOAPClient.Android", "App2_SOAPClient\App2_SOAPClient.Android\App2_SOAPClient.Android.csproj", "{BB64B2DE-11CA-4F2B-8077-6DBFA367E6D4}"
EndProject
Project("{FAE04EC0-301F-11D3-BF4B-00C04F79EFBC}") = "App2_SOAPClient.iOS", "App2_SOAPClient\App2_SOAPClient.iOS\App2_SOAPClient.iOS.csproj", "{0F4C80B8-CD7B-4149-8742-CF01E4C40FDD}"
EndProject
Project("{FAE04EC0-301F-11D3-BF4B-00C04F79EFBC}") = "App2_SOAPClient", "App2_SOAPClient\App2_SOAPClient\App2_SOAPClient.csproj", "{347D34B7-A00E-4852-B455-6491A50B15B7}"
EndProject
Global
	GlobalSection(SolutionConfigurationPlatforms) = preSolution
		Debug|Any CPU = Debug|Any CPU
		Debug|ARM = Debug|ARM
		Debug|iPhone = Debug|iPhone
		Debug|iPhoneSimulator = Debug|iPhoneSimulator
		Debug|x64 = Debug|x64
		Debug|x86 = Debug|x86
		Release|Any CPU = Release|Any CPU
		Release|ARM = Release|ARM
		Release|iPhone = Release|iPhone
		Release|iPhoneSimulator = Release|iPhoneSimulator
		Release|x64 = Release|x64
		Release|x86 = Release|x86
	EndGlobalSection
	GlobalSection(ProjectConfigurationPlatforms) = postSolution
		{F6AB459A-D0BE-4C66-8BB2-1298ECF4AFFD}.Debug|Any CPU.ActiveCfg = Debug|x86
		{F6AB459A-D0BE-4C66-8BB2-1298ECF4AFFD}.Debug|Any CPU.Build.0 = Debug|x86
		{F6AB459A-D0BE-4C66-8BB2-1298ECF4AFFD}.Debug|Any CPU.Deploy.0 = Debug|x86
		{F6AB459A-D0BE-4C66-8BB2-1298ECF4AFFD}.Debug|ARM.ActiveCfg = Debug|ARM
		{F6AB459A-D0BE-4C66-8BB2-1298ECF4AFFD}.Debug|ARM.Build.0 = Debug|ARM
		{F6AB459A-D0BE-4C66-8BB2-1298ECF4AFFD}.Debug|ARM.Deploy.0 = Debug|ARM
		{F6AB459A-D0BE-4C66-8BB2-1298ECF4AFFD}.Debug|iPhone.ActiveCfg = Debug|x86
		{F6AB459A-D0BE-4C66-8BB2-1298ECF4AFFD}.Debug|iPhone.Build.0 = Debug|x86
		{F6AB459A-D0BE-4C66-8BB2-1298ECF4AFFD}.Debug|iPhone.Deploy.0 = Debug|x86
		{F6AB459A-D0BE-4C66-8BB2-1298ECF4AFFD}.Debug|iPhoneSimulator.ActiveCfg = Debug|x86
		{F6AB459A-D0BE-4C66-8BB2-1298ECF4AFFD}.Debug|iPhoneSimulator.Build.0 = Debug|x86
		{F6AB459A-D0BE-4C66-8BB2-1298ECF4AFFD}.Debug|iPhoneSimulator.Deploy.0 = Debug|x86
		{F6AB459A-D0BE-4C66-8BB2-1298ECF4AFFD}.Debug|x64.ActiveCfg = Debug|x64
		{F6AB459A-D0BE-4C66-8BB2-1298ECF4AFFD}.Debug|x64.Build.0 = Debug|x64
		{F6AB459A-D0BE-4C66-8BB2-1298ECF4AFFD}.Debug|x64.Deploy.0 = Debug|x64
		{F6AB459A-D0BE-4C66-8BB2-1298ECF4AFFD}.Debug|x86.ActiveCfg = Debug|x86
		{F6AB459A-D0BE-4C66-8BB2-1298ECF4AFFD}.Debug|x86.Build.0 = Debug|x86
		{F6AB459A-D0BE-4C66-8BB2-1298ECF4AFFD}.Debug|x86.Deploy.0 = Debug|x86
		{F6AB459A-D0BE-4C66-8BB2-1298ECF4AFFD}.Release|Any CPU.ActiveCfg = Release|x86
		{F6AB459A-D0BE-4C66-8BB2-1298ECF4AFFD}.Release|Any CPU.Build.0 = Release|x86
		{F6AB459A-D0BE-4C66-8BB2-1298ECF4AFFD}.Release|Any CPU.Deploy.0 = Release|x86
		{F6AB459A-D0BE-4C66-8BB2-1298ECF4AFFD}.Release|ARM.ActiveCfg = Release|ARM
		{F6AB459A-D0BE-4C66-8BB2-1298ECF4AFFD}.Release|ARM.Build.0 = Release|ARM
		{F6AB459A-D0BE-4C66-8BB2-1298ECF4AFFD}.Release|ARM.Deploy.0 = Release|ARM
		{F6AB459A-D0BE-4C66-8BB2-1298ECF4AFFD}.Release|iPhone.ActiveCfg = Release|x86
		{F6AB459A-D0BE-4C66-8BB2-1298ECF4AFFD}.Release|iPhone.Build.0 = Release|x86
		{F6AB459A-D0BE-4C66-8BB2-1298ECF4AFFD}.Release|iPhone.Deploy.0 = Release|x86
		{F6AB459A-D0BE-4C66-8BB2-1298ECF4AFFD}.Release|iPhoneSimulator.ActiveCfg = Release|x86
		{F6AB459A-D0BE-4C66-8BB2-1298ECF4AFFD}.Release|iPhoneSimulator.Build.0 = Release|x86
		{F6AB459A-D0BE-4C66-8BB2-1298ECF4AFFD}.Release|iPhoneSimulator.Deploy.0 = Release|x86
		{F6AB459A-D0BE-4C66-8BB2-1298ECF4AFFD}.Release|x64.ActiveCfg = Release|x64
		{F6AB459A-D0BE-4C66-8BB2-1298ECF4AFFD}.Release|x64.Build.0 = Release|x64
		{F6AB459A-D0BE-4C66-8BB2-1298ECF4AFFD}.Release|x64.Deploy.0 = Release|x64
		{F6AB459A-D0BE-4C66-8BB2-1298ECF4AFFD}.Release|x86.ActiveCfg = Release|x86
		{F6AB459A-D0BE-4C66-8BB2-1298ECF4AFFD}.Release|x86.Build.0 = Release|x86
		{F6AB459A-D0BE-4C66-8BB2-1298ECF4AFFD}.Release|x86.Deploy.0 = Release|x86
		{BB64B2DE-11CA-4F2B-8077-6DBFA367E6D4}.Debug|Any CPU.ActiveCfg = Debug|Any CPU
		{BB64B2DE-11CA-4F2B-8077-6DBFA367E6D4}.Debug|Any CPU.Build.0 = Debug|Any CPU
		{BB64B2DE-11CA-4F2B-8077-6DBFA367E6D4}.Debug|Any CPU.Deploy.0 = Debug|Any CPU
		{BB64B2DE-11CA-4F2B-8077-6DBFA367E6D4}.Debug|ARM.ActiveCfg = Debug|Any CPU
		{BB64B2DE-11CA-4F2B-8077-6DBFA367E6D4}.Debug|ARM.Build.0 = Debug|Any CPU
		{BB64B2DE-11CA-4F2B-8077-6DBFA367E6D4}.Debug|ARM.Deploy.0 = Debug|Any CPU
		{BB64B2DE-11CA-4F2B-8077-6DBFA367E6D4}.Debug|iPhone.ActiveCfg = Debug|Any CPU
		{BB64B2DE-11CA-4F2B-8077-6DBFA367E6D4}.Debug|iPhone.Build.0 = Debug|Any CPU
		{BB64B2DE-11CA-4F2B-8077-6DBFA367E6D4}.Debug|iPhone.Deploy.0 = Debug|Any CPU
		{BB64B2DE-11CA-4F2B-8077-6DBFA367E6D4}.Debug|iPhoneSimulator.ActiveCfg = Debug|Any CPU
		{BB64B2DE-11CA-4F2B-8077-6DBFA367E6D4}.Debug|iPhoneSimulator.Build.0 = Debug|Any CPU
		{BB64B2DE-11CA-4F2B-8077-6DBFA367E6D4}.Debug|iPhoneSimulator.Deploy.0 = Debug|Any CPU
		{BB64B2DE-11CA-4F2B-8077-6DBFA367E6D4}.Debug|x64.ActiveCfg = Debug|Any CPU
		{BB64B2DE-11CA-4F2B-8077-6DBFA367E6D4}.Debug|x64.Build.0 = Debug|Any CPU
		{BB64B2DE-11CA-4F2B-8077-6DBFA367E6D4}.Debug|x64.Deploy.0 = Debug|Any CPU
		{BB64B2DE-11CA-4F2B-8077-6DBFA367E6D4}.Debug|x86.ActiveCfg = Debug|Any CPU
		{BB64B2DE-11CA-4F2B-8077-6DBFA367E6D4}.Debug|x86.Build.0 = Debug|Any CPU
		{BB64B2DE-11CA-4F2B-8077-6DBFA367E6D4}.Debug|x86.Deploy.0 = Debug|Any CPU
		{BB64B2DE-11CA-4F2B-8077-6DBFA367E6D4}.Release|Any CPU.ActiveCfg = Release|Any CPU
		{BB64B2DE-11CA-4F2B-8077-6DBFA367E6D4}.Release|Any CPU.Build.0 = Release|Any CPU
		{BB64B2DE-11CA-4F2B-8077-6DBFA367E6D4}.Release|Any CPU.Deploy.0 = Release|Any CPU
		{BB64B2DE-11CA-4F2B-8077-6DBFA367E6D4}.Release|ARM.ActiveCfg = Release|Any CPU
		{BB64B2DE-11CA-4F2B-8077-6DBFA367E6D4}.Release|ARM.Build.0 = Release|Any CPU
		{BB64B2DE-11CA-4F2B-8077-6DBFA367E6D4}.Release|ARM.Deploy.0 = Release|Any CPU
		{BB64B2DE-11CA-4F2B-8077-6DBFA367E6D4}.Release|iPhone.ActiveCfg = Release|Any CPU
		{BB64B2DE-11CA-4F2B-8077-6DBFA367E6D4}.Release|iPhone.Build.0 = Release|Any CPU
		{BB64B2DE-11CA-4F2B-8077-6DBFA367E6D4}.Release|iPhone.Deploy.0 = Release|Any CPU
		{BB64B2DE-11CA-4F2B-8077-6DBFA367E6D4}.Release|iPhoneSimulator.ActiveCfg = Release|Any CPU
		{BB64B2DE-11CA-4F2B-8077-6DBFA367E6D4}.Release|iPhoneSimulator.Build.0 = Release|Any CPU
		{BB64B2DE-11CA-4F2B-8077-6DBFA367E6D4}.Release|iPhoneSimulator.Deploy.0 = Release|Any CPU
		{BB64B2DE-11CA-4F2B-8077-6DBFA367E6D4}.Release|x64.ActiveCfg = Release|Any CPU
		{BB64B2DE-11CA-4F2B-8077-6DBFA367E6D4}.Release|x64.Build.0 = Release|Any CPU
		{BB64B2DE-11CA-4F2B-8077-6DBFA367E6D4}.Release|x64.Deploy.0 = Release|Any CPU
		{BB64B2DE-11CA-4F2B-8077-6DBFA367E6D4}.Release|x86.ActiveCfg = Release|Any CPU
		{BB64B2DE-11CA-4F2B-8077-6DBFA367E6D4}.Release|x86.Build.0 = Release|Any CPU
		{BB64B2DE-11CA-4F2B-8077-6DBFA367E6D4}.Release|x86.Deploy.0 = Release|Any CPU
		{0F4C80B8-CD7B-4149-8742-CF01E4C40FDD}.Debug|Any CPU.ActiveCfg = Debug|iPhoneSimulator
		{0F4C80B8-CD7B-4149-8742-CF01E4C40FDD}.Debug|Any CPU.Build.0 = Debug|iPhoneSimulator
		{0F4C80B8-CD7B-4149-8742-CF01E4C40FDD}.Debug|Any CPU.Deploy.0 = Debug|iPhoneSimulator
		{0F4C80B8-CD7B-4149-8742-CF01E4C40FDD}.Debug|ARM.ActiveCfg = Debug|iPhone
		{0F4C80B8-CD7B-4149-8742-CF01E4C40FDD}.Debug|ARM.Build.0 = Debug|iPhone
		{0F4C80B8-CD7B-4149-8742-CF01E4C40FDD}.Debug|ARM.Deploy.0 = Debug|iPhone
		{0F4C80B8-CD7B-4149-8742-CF01E4C40FDD}.Debug|iPhone.ActiveCfg = Debug|iPhone
		{0F4C80B8-CD7B-4149-8742-CF01E4C40FDD}.Debug|iPhone.Build.0 = Debug|iPhone
		{0F4C80B8-CD7B-4149-8742-CF01E4C40FDD}.Debug|iPhone.Deploy.0 = Debug|iPhone
		{0F4C80B8-CD7B-4149-8742-CF01E4C40FDD}.Debug|iPhoneSimulator.ActiveCfg = Debug|iPhoneSimulator
		{0F4C80B8-CD7B-4149-8742-CF01E4C40FDD}.Debug|iPhoneSimulator.Build.0 = Debug|iPhoneSimulator
		{0F4C80B8-CD7B-4149-8742-CF01E4C40FDD}.Debug|iPhoneSimulator.Deploy.0 = Debug|iPhoneSimulator
		{0F4C80B8-CD7B-4149-8742-CF01E4C40FDD}.Debug|x64.ActiveCfg = Debug|iPhoneSimulator
		{0F4C80B8-CD7B-4149-8742-CF01E4C40FDD}.Debug|x64.Build.0 = Debug|iPhoneSimulator
		{0F4C80B8-CD7B-4149-8742-CF01E4C40FDD}.Debug|x64.Deploy.0 = Debug|iPhoneSimulator
		{0F4C80B8-CD7B-4149-8742-CF01E4C40FDD}.Debug|x86.ActiveCfg = Debug|iPhoneSimulator
		{0F4C80B8-CD7B-4149-8742-CF01E4C40FDD}.Debug|x86.Build.0 = Debug|iPhoneSimulator
		{0F4C80B8-CD7B-4149-8742-CF01E4C40FDD}.Debug|x86.Deploy.0 = Debug|iPhoneSimulator
		{0F4C80B8-CD7B-4149-8742-CF01E4C40FDD}.Release|Any CPU.ActiveCfg = Release|iPhoneSimulator
		{0F4C80B8-CD7B-4149-8742-CF01E4C40FDD}.Release|Any CPU.Build.0 = Release|iPhoneSimulator
		{0F4C80B8-CD7B-4149-8742-CF01E4C40FDD}.Release|Any CPU.Deploy.0 = Release|iPhoneSimulator
		{0F4C80B8-CD7B-4149-8742-CF01E4C40FDD}.Release|ARM.ActiveCfg = Release|iPhoneSimulator
		{0F4C80B8-CD7B-4149-8742-CF01E4C40FDD}.Release|ARM.Build.0 = Release|iPhoneSimulator
		{0F4C80B8-CD7B-4149-8742-CF01E4C40FDD}.Release|ARM.Deploy.0 = Release|iPhoneSimulator
		{0F4C80B8-CD7B-4149-8742-CF01E4C40FDD}.Release|iPhone.ActiveCfg = Release|iPhone
		{0F4C80B8-CD7B-4149-8742-CF01E4C40FDD}.Release|iPhone.Build.0 = Release|iPhone
		{0F4C80B8-CD7B-4149-8742-CF01E4C40FDD}.Release|iPhone.Deploy.0 = Release|iPhone
		{0F4C80B8-CD7B-4149-8742-CF01E4C40FDD}.Release|iPhoneSimulator.ActiveCfg = Release|iPhoneSimulator
		{0F4C80B8-CD7B-4149-8742-CF01E4C40FDD}.Release|iPhoneSimulator.Build.0 = Release|iPhoneSimulator
		{0F4C80B8-CD7B-4149-8742-CF01E4C40FDD}.Release|iPhoneSimulator.Deploy.0 = Release|iPhoneSimulator
		{0F4C80B8-CD7B-4149-8742-CF01E4C40FDD}.Release|x64.ActiveCfg = Release|iPhoneSimulator
		{0F4C80B8-CD7B-4149-8742-CF01E4C40FDD}.Release|x64.Build.0 = Release|iPhoneSimulator
		{0F4C80B8-CD7B-4149-8742-CF01E4C40FDD}.Release|x64.Deploy.0 = Release|iPhoneSimulator
		{0F4C80B8-CD7B-4149-8742-CF01E4C40FDD}.Release|x86.ActiveCfg = Release|iPhoneSimulator
		{0F4C80B8-CD7B-4149-8742-CF01E4C40FDD}.Release|x86.Build.0 = Release|iPhoneSimulator
		{0F4C80B8-CD7B-4149-8742-CF01E4C40FDD}.Release|x86.Deploy.0 = Release|iPhoneSimulator
		{347D34B7-A00E-4852-B455-6491A50B15B7}.Debug|Any CPU.ActiveCfg = Debug|Any CPU
		{347D34B7-A00E-4852-B455-6491A50B15B7}.Debug|Any CPU.Build.0 = Debug|Any CPU
		{347D34B7-A00E-4852-B455-6491A50B15B7}.Debug|Any CPU.Deploy.0 = Debug|Any CPU
		{347D34B7-A00E-4852-B455-6491A50B15B7}.Debug|ARM.ActiveCfg = Debug|Any CPU
		{347D34B7-A00E-4852-B455-6491A50B15B7}.Debug|ARM.Build.0 = Debug|Any CPU
		{347D34B7-A00E-4852-B455-6491A50B15B7}.Debug|ARM.Deploy.0 = Debug|Any CPU
		{347D34B7-A00E-4852-B455-6491A50B15B7}.Debug|iPhone.ActiveCfg = Debug|Any CPU
		{347D34B7-A00E-4852-B455-6491A50B15B7}.Debug|iPhone.Build.0 = Debug|Any CPU
		{347D34B7-A00E-4852-B455-6491A50B15B7}.Debug|iPhone.Deploy.0 = Debug|Any CPU
		{347D34B7-A00E-4852-B455-6491A50B15B7}.Debug|iPhoneSimulator.ActiveCfg = Debug|Any CPU
		{347D34B7-A00E-4852-B455-6491A50B15B7}.Debug|iPhoneSimulator.Build.0 = Debug|Any CPU
		{347D34B7-A00E-4852-B455-6491A50B15B7}.Debug|iPhoneSimulator.Deploy.0 = Debug|Any CPU
		{347D34B7-A00E-4852-B455-6491A50B15B7}.Debug|x64.ActiveCfg = Debug|Any CPU
		{347D34B7-A00E-4852-B455-6491A50B15B7}.Debug|x64.Build.0 = Debug|Any CPU
		{347D34B7-A00E-4852-B455-6491A50B15B7}.Debug|x64.Deploy.0 = Debug|Any CPU
		{347D34B7-A00E-4852-B455-6491A50B15B7}.Debug|x86.ActiveCfg = Debug|Any CPU
		{347D34B7-A00E-4852-B455-6491A50B15B7}.Debug|x86.Build.0 = Debug|Any CPU
		{347D34B7-A00E-4852-B455-6491A50B15B7}.Debug|x86.Deploy.0 = Debug|Any CPU
		{347D34B7-A00E-4852-B455-6491A50B15B7}.Release|Any CPU.ActiveCfg = Release|Any CPU
		{347D34B7-A00E-4852-B455-6491A50B15B7}.Release|Any CPU.Build.0 = Release|Any CPU
		{347D34B7-A00E-4852-B455-6491A50B15B7}.Release|Any CPU.Deploy.0 = Release|Any CPU
		{347D34B7-A00E-4852-B455-6491A50B15B7}.Release|ARM.ActiveCfg = Release|Any CPU
		{347D34B7-A00E-4852-B455-6491A50B15B7}.Release|ARM.Build.0 = Release|Any CPU
		{347D34B7-A00E-4852-B455-6491A50B15B7}.Release|ARM.Deploy.0 = Release|Any CPU
		{347D34B7-A00E-4852-B455-6491A50B15B7}.Release|iPhone.ActiveCfg = Release|Any CPU
		{347D34B7-A00E-4852-B455-6491A50B15B7}.Release|iPhone.Build.0 = Release|Any CPU
		{347D34B7-A00E-4852-B455-6491A50B15B7}.Release|iPhone.Deploy.0 = Release|Any CPU
		{347D34B7-A00E-4852-B455-6491A50B15B7}.Release|iPhoneSimulator.ActiveCfg = Release|Any CPU
		{347D34B7-A00E-4852-B455-6491A50B15B7}.Release|iPhoneSimulator.Build.0 = Release|Any CPU
		{347D34B7-A00E-4852-B455-6491A50B15B7}.Release|iPhoneSimulator.Deploy.0 = Release|Any CPU
		{347D34B7-A00E-4852-B455-6491A50B15B7}.Release|x64.ActiveCfg = Release|Any CPU
		{347D34B7-A00E-4852-B455-6491A50B15B7}.Release|x64.Build.0 = Release|Any CPU
		{347D34B7-A00E-4852-B455-6491A50B15B7}.Release|x64.Deploy.0 = Release|Any CPU
		{347D34B7-A00E-4852-B455-6491A50B15B7}.Release|x86.ActiveCfg = Release|Any CPU
		{347D34B7-A00E-4852-B455-6491A50B15B7}.Release|x86.Build.0 = Release|Any CPU
		{347D34B7-A00E-4852-B455-6491A50B15B7}.Release|x86.Deploy.0 = Release|Any CPU
	EndGlobalSection
	GlobalSection(SolutionProperties) = preSolution
		HideSolutionNode = FALSE
	EndGlobalSection
	GlobalSection(ExtensibilityGlobals) = postSolution
		SolutionGuid = {65DBBE9A-55E7-4F8E-8FAC-4B686DAAB782}
	EndGlobalSection
EndGlobal
